
Microsoft Visual Studio Solution File, Format Version 12.00
# Visual Studio Version 17
VisualStudioVersion = 17.9.34728.123
MinimumVisualStudioVersion = 10.0.40219.1
Project("{FAE04EC0-301F-11D3-BF4B-00C04F79EFBC}") = "RealEstate_Dapper_Api", "RealEstate_Dapper_Api\RealEstate_Dapper_Api.csproj", "{4532DE03-0F66-4D4F-9C40-9029488A0B0E}"
EndProject
Project("{FAE04EC0-301F-11D3-BF4B-00C04F79EFBC}") = "RealEstate_Dapper_UI", "RealEstate_Dapper_UI\RealEstate_Dapper_UI.csproj", "{512F2FAF-E70B-49DA-A27B-D66093522833}"
EndProject
Global
	GlobalSection(SolutionConfigurationPlatforms) = preSolution
		Debug|Any CPU = Debug|Any CPU
		Release|Any CPU = Release|Any CPU
	EndGlobalSection
	GlobalSection(ProjectConfigurationPlatforms) = postSolution
		{4532DE03-0F66-4D4F-9C40-9029488A0B0E}.Debug|Any CPU.ActiveCfg = Debug|Any CPU
		{4532DE03-0F66-4D4F-9C40-9029488A0B0E}.Debug|Any CPU.Build.0 = Debug|Any CPU
		{4532DE03-0F66-4D4F-9C40-9029488A0B0E}.Release|Any CPU.ActiveCfg = Release|Any CPU
		{4532DE03-0F66-4D4F-9C40-9029488A0B0E}.Release|Any CPU.Build.0 = Release|Any CPU
		{512F2FAF-E70B-49DA-A27B-D66093522833}.Debug|Any CPU.ActiveCfg = Debug|Any CPU
		{512F2FAF-E70B-49DA-A27B-D66093522833}.Debug|Any CPU.Build.0 = Debug|Any CPU
		{512F2FAF-E70B-49DA-A27B-D66093522833}.Release|Any CPU.ActiveCfg = Release|Any CPU
		{512F2FAF-E70B-49DA-A27B-D66093522833}.Release|Any CPU.Build.0 = Release|Any CPU
	EndGlobalSection
	GlobalSection(SolutionProperties) = preSolution
		HideSolutionNode = FALSE
	EndGlobalSection
	GlobalSection(ExtensibilityGlobals) = postSolution
		SolutionGuid = {B7C2A27C-F44F-4B38-A720-18FFBB9E8423}
	EndGlobalSection
EndGlobal
